
Microsoft Visual Studio Solution File, Format Version 12.00
# Visual Studio 15
Project("{FAE04EC0-301F-11D3-BF4B-00C04F79EFBC}") = "Unity.Timeline", "Unity.Timeline.csproj", "{0099867E-5078-5525-5F70-9BEAFD462389}"
EndProject
Project("{FAE04EC0-301F-11D3-BF4B-00C04F79EFBC}") = "Unity.Timeline.Editor", "Unity.Timeline.Editor.csproj", "{DE8AD7E3-59C7-A804-E91E-EEF1CC9DD8A0}"
EndProject
Project("{FAE04EC0-301F-11D3-BF4B-00C04F79EFBC}") = "Unity.2D.Tilemap.Editor", "Unity.2D.Tilemap.Editor.csproj", "{7BF20289-C3CE-F320-711F-EE8AF0979661}"
EndProject
Project("{FAE04EC0-301F-11D3-BF4B-00C04F79EFBC}") = "Unity.TextMeshPro.Editor", "Unity.TextMeshPro.Editor.csproj", "{5F2B4427-DD29-4C81-909E-830EF6CA207D}"
EndProject
Project("{FAE04EC0-301F-11D3-BF4B-00C04F79EFBC}") = "Unity.2D.Aseprite.Editor", "Unity.2D.Aseprite.Editor.csproj", "{3C3337AC-59FB-A21E-BFE3-A329506645A3}"
EndProject
Project("{FAE04EC0-301F-11D3-BF4B-00C04F79EFBC}") = "Unity.VisualScripting.Flow", "Unity.VisualScripting.Flow.csproj", "{363950A5-A757-1FD6-DEEC-171A38BCB93B}"
EndProject
Project("{FAE04EC0-301F-11D3-BF4B-00C04F79EFBC}") = "UnityEditor.UI", "UnityEditor.UI.csproj", "{D99866A8-77A2-4BE0-86DD-7393185CAAD5}"
EndProject
Project("{FAE04EC0-301F-11D3-BF4B-00C04F79EFBC}") = "Unity.PlasticSCM.Editor", "Unity.PlasticSCM.Editor.csproj", "{92EAB038-9EB3-3B94-D764-283AA3EC68A4}"
EndProject
Project("{FAE04EC0-301F-11D3-BF4B-00C04F79EFBC}") = "Unity.2D.Psdimporter.Editor", "Unity.2D.Psdimporter.Editor.csproj", "{10E18963-9214-D962-23A5-3487F6C7E3E5}"
EndProject
Project("{FAE04EC0-301F-11D3-BF4B-00C04F79EFBC}") = "Unity.VisualScripting.Core", "Unity.VisualScripting.Core.csproj", "{BE3E4615-E4E0-3AD1-72A3-89472F75D5DC}"
EndProject
Project("{FAE04EC0-301F-11D3-BF4B-00C04F79EFBC}") = "Unity.Mathematics", "Unity.Mathematics.csproj", "{74A8B68B-5989-170E-6272-8D095C29AB21}"
EndProject
Project("{FAE04EC0-301F-11D3-BF4B-00C04F79EFBC}") = "Unity.2D.Animation.Editor", "Unity.2D.Animation.Editor.csproj", "{F792D2FD-174F-A040-22A2-CCD5294D4548}"
EndProject
Project("{FAE04EC0-301F-11D3-BF4B-00C04F79EFBC}") = "Unity.2D.Common.Path.Editor", "Unity.2D.Common.Path.Editor.csproj", "{C149C18C-48F9-18A4-117F-86EBC715AEAE}"
EndProject
Project("{FAE04EC0-301F-11D3-BF4B-00C04F79EFBC}") = "Unity.VisualScripting.Core.Editor", "Unity.VisualScripting.Core.Editor.csproj", "{BA3A9C42-AB03-1B13-E769-D9CA09B269DA}"
EndProject
Project("{FAE04EC0-301F-11D3-BF4B-00C04F79EFBC}") = "Unity.2D.IK.Runtime", "Unity.2D.IK.Runtime.csproj", "{385B42BA-31D7-0363-752A-8A1B54C46E3D}"
EndProject
Project("{FAE04EC0-301F-11D3-BF4B-00C04F79EFBC}") = "Unity.VisualScripting.Flow.Editor", "Unity.VisualScripting.Flow.Editor.csproj", "{B908B5A4-5FC2-841A-DD09-ED92F93CB789}"
EndProject
Project("{FAE04EC0-301F-11D3-BF4B-00C04F79EFBC}") = "UnityEditor.TestRunner", "UnityEditor.TestRunner.csproj", "{D94703D4-ABCA-D2BE-19A1-9C138662376D}"
EndProject
Project("{FAE04EC0-301F-11D3-BF4B-00C04F79EFBC}") = "Unity.VisualScripting.SettingsProvider.Editor", "Unity.VisualScripting.SettingsProvider.Editor.csproj", "{75D44FC5-8755-59CB-4C0F-E9D68E951A15}"
EndProject
Project("{FAE04EC0-301F-11D3-BF4B-00C04F79EFBC}") = "UnityEngine.TestRunner", "UnityEngine.TestRunner.csproj", "{EF2C427C-9CB1-C0CD-A36C-AE886FCA5A73}"
EndProject
Project("{FAE04EC0-301F-11D3-BF4B-00C04F79EFBC}") = "PsdPlugin", "PsdPlugin.csproj", "{A13ADA6C-8ABC-398B-9175-EE0F9D764716}"
EndProject
Project("{FAE04EC0-301F-11D3-BF4B-00C04F79EFBC}") = "Unity.Burst", "Unity.Burst.csproj", "{2E6B7B20-8E23-D1C8-DAED-CDF8460490C8}"
EndProject
Project("{FAE04EC0-301F-11D3-BF4B-00C04F79EFBC}") = "UnityEngine.UI", "UnityEngine.UI.csproj", "{915127AA-2FEF-5FBE-C218-37D1298D1C82}"
EndProject
Project("{FAE04EC0-301F-11D3-BF4B-00C04F79EFBC}") = "Unity.2D.SpriteShape.Editor", "Unity.2D.SpriteShape.Editor.csproj", "{BB31E283-9528-95B0-71FA-AD7CA99359D8}"
EndProject
Project("{FAE04EC0-301F-11D3-BF4B-00C04F79EFBC}") = "Unity.Collections", "Unity.Collections.csproj", "{4E4958B9-87EB-4543-3D2C-E1169EC4B448}"
EndProject
Project("{FAE04EC0-301F-11D3-BF4B-00C04F79EFBC}") = "Unity.VisualStudio.Editor", "Unity.VisualStudio.Editor.csproj", "{E86560BB-1225-B4A2-D01D-4B713DCD108B}"
EndProject
Project("{FAE04EC0-301F-11D3-BF4B-00C04F79EFBC}") = "Unity.2D.Tilemap.Extras.Editor", "Unity.2D.Tilemap.Extras.Editor.csproj", "{89200446-2938-64CC-E570-D3FB9D528E73}"
EndProject
Project("{FAE04EC0-301F-11D3-BF4B-00C04F79EFBC}") = "Unity.Rider.Editor", "Unity.Rider.Editor.csproj", "{E65CB3BC-EE85-B111-4A62-094FA353E958}"
EndProject
Project("{FAE04EC0-301F-11D3-BF4B-00C04F79EFBC}") = "Unity.InternalAPIEditorBridge.001", "Unity.InternalAPIEditorBridge.001.csproj", "{7253D200-E98E-D02A-A4A7-7B70CDBE399C}"
EndProject
Project("{FAE04EC0-301F-11D3-BF4B-00C04F79EFBC}") = "Unity.2D.SpriteShape.Runtime", "Unity.2D.SpriteShape.Runtime.csproj", "{94992329-9E7B-D3DD-EDE4-B7BE62D7C295}"
EndProject
Project("{FAE04EC0-301F-11D3-BF4B-00C04F79EFBC}") = "Unity.VisualScripting.State.Editor", "Unity.VisualScripting.State.Editor.csproj", "{A52174A7-709A-CB81-0BC5-02FAAF07A1D8}"
EndProject
Project("{FAE04EC0-301F-11D3-BF4B-00C04F79EFBC}") = "Unity.2D.Animation.Runtime", "Unity.2D.Animation.Runtime.csproj", "{0907F82B-4E88-1775-A4B6-252E745D6AF0}"
EndProject
Project("{FAE04EC0-301F-11D3-BF4B-00C04F79EFBC}") = "Unity.Burst.CodeGen", "Unity.Burst.CodeGen.csproj", "{1EECBF7D-FB82-DC0C-358E-7B4BECD92F5D}"
EndProject
Project("{FAE04EC0-301F-11D3-BF4B-00C04F79EFBC}") = "Unity.2D.Tilemap.Extras", "Unity.2D.Tilemap.Extras.csproj", "{B8BF3A99-19B3-6E6F-F922-71F82CABB8F6}"
EndProject
Project("{FAE04EC0-301F-11D3-BF4B-00C04F79EFBC}") = "Unity.VisualScripting.State", "Unity.VisualScripting.State.csproj", "{C3F24AFD-1F98-CC51-A449-6E072C3589D1}"
EndProject
Project("{FAE04EC0-301F-11D3-BF4B-00C04F79EFBC}") = "Unity.TextMeshPro", "Unity.TextMeshPro.csproj", "{1EEDFCC1-21F0-4208-511A-2FD424AC3143}"
EndProject
Project("{FAE04EC0-301F-11D3-BF4B-00C04F79EFBC}") = "Unity.2D.Aseprite.Common", "Unity.2D.Aseprite.Common.csproj", "{E0031AA3-0A7C-3239-42C9-EC0F156CCBFC}"
EndProject
Project("{FAE04EC0-301F-11D3-BF4B-00C04F79EFBC}") = "Unity.2D.IK.Editor", "Unity.2D.IK.Editor.csproj", "{60AA91DC-FBFD-FDAA-2CF4-36EC1E72477F}"
EndProject
Project("{FAE04EC0-301F-11D3-BF4B-00C04F79EFBC}") = "Unity.InternalAPIEngineBridge.001", "Unity.InternalAPIEngineBridge.001.csproj", "{97C266ED-6A45-F86F-A0C2-F29170D7FBD2}"
EndProject
Project("{FAE04EC0-301F-11D3-BF4B-00C04F79EFBC}") = "Unity.Burst.Editor", "Unity.Burst.Editor.csproj", "{A768FCD1-7214-22E4-C52D-D3914CA94BDD}"
EndProject
Project("{FAE04EC0-301F-11D3-BF4B-00C04F79EFBC}") = "Unity.2D.Common.Editor", "Unity.2D.Common.Editor.csproj", "{258E7DA3-7A77-50BE-8528-586FC84D3A7C}"
EndProject
Project("{FAE04EC0-301F-11D3-BF4B-00C04F79EFBC}") = "Unity.2D.Sprite.Editor", "Unity.2D.Sprite.Editor.csproj", "{C7A44672-9AEB-B6FD-A428-DF9A2DF43D87}"
EndProject
Project("{FAE04EC0-301F-11D3-BF4B-00C04F79EFBC}") = "Unity.2D.PixelPerfect", "Unity.2D.PixelPerfect.csproj", "{FF804F87-3779-09DD-0430-44F36FD3BDBA}"
EndProject
Project("{FAE04EC0-301F-11D3-BF4B-00C04F79EFBC}") = "Unity.2D.PixelPerfect.Editor", "Unity.2D.PixelPerfect.Editor.csproj", "{BE23FC21-1C11-3961-8E85-A68936580BEC}"
EndProject
Project("{FAE04EC0-301F-11D3-BF4B-00C04F79EFBC}") = "Unity.2D.Common.Runtime", "Unity.2D.Common.Runtime.csproj", "{BFF0F2DA-D4CD-0732-BC70-87CAC1CF6F9C}"
EndProject
Project("{FAE04EC0-301F-11D3-BF4B-00C04F79EFBC}") = "Unity.Mathematics.Editor", "Unity.Mathematics.Editor.csproj", "{6E22114A-4951-47DC-4CF8-E546504D1777}"
EndProject
Project("{FAE04EC0-301F-11D3-BF4B-00C04F79EFBC}") = "Assembly-CSharp", "Assembly-CSharp.csproj", "{04405710-5B08-D210-851B-24CECC26D1BA}"
EndProject
Project("{FAE04EC0-301F-11D3-BF4B-00C04F79EFBC}") = "Unity.Collections.BurstCompatibilityGen", "Unity.Collections.BurstCompatibilityGen.csproj", "{38815F95-41E6-1C5A-7C9A-EE8B444E9078}"
EndProject
Project("{FAE04EC0-301F-11D3-BF4B-00C04F79EFBC}") = "Unity.VisualScripting.Shared.Editor", "Unity.VisualScripting.Shared.Editor.csproj", "{25539842-380A-2C54-A619-E5190A6F16A8}"
EndProject
Project("{FAE04EC0-301F-11D3-BF4B-00C04F79EFBC}") = "Unity.Collections.DocCodeSamples", "Unity.Collections.DocCodeSamples.csproj", "{40C98C11-2B72-0F84-C979-28E0C8BE92C9}"
EndProject
Project("{FAE04EC0-301F-11D3-BF4B-00C04F79EFBC}") = "Unity.CollabProxy.Editor", "Unity.CollabProxy.Editor.csproj", "{7FA02217-0F6F-CFB9-C91B-14F5CF8BCDD1}"
EndProject
Project("{FAE04EC0-301F-11D3-BF4B-00C04F79EFBC}") = "Unity.Timeline", "Unity.Timeline.Player.csproj", "{93D3FBCC-A768-0E83-905A-EB7C9DB0CC7D}"
EndProject
Project("{FAE04EC0-301F-11D3-BF4B-00C04F79EFBC}") = "Unity.VisualScripting.Flow", "Unity.VisualScripting.Flow.Player.csproj", "{14B084B0-6EF4-3341-77DC-1817C1565221}"
EndProject
Project("{FAE04EC0-301F-11D3-BF4B-00C04F79EFBC}") = "Unity.VisualScripting.Core", "Unity.VisualScripting.Core.Player.csproj", "{2DE8DB88-5A55-DDD6-FBBB-2899D0EDC8DB}"
EndProject
Project("{FAE04EC0-301F-11D3-BF4B-00C04F79EFBC}") = "Unity.Mathematics", "Unity.Mathematics.Player.csproj", "{B58BF1FF-644D-F52C-4FB1-DED8776AE58E}"
EndProject
Project("{FAE04EC0-301F-11D3-BF4B-00C04F79EFBC}") = "Unity.2D.IK.Runtime", "Unity.2D.IK.Runtime.Player.csproj", "{CC18B8DB-65DE-F30D-FB82-BF64BE8C24E4}"
EndProject
Project("{FAE04EC0-301F-11D3-BF4B-00C04F79EFBC}") = "UnityEngine.TestRunner", "UnityEngine.TestRunner.Player.csproj", "{DF7D8962-1C31-0F54-019F-3A25703BDA06}"
EndProject
Project("{FAE04EC0-301F-11D3-BF4B-00C04F79EFBC}") = "Unity.Burst", "Unity.Burst.Player.csproj", "{C9C1C976-9E2F-3392-E1ED-5D4DD9AD669C}"
EndProject
Project("{FAE04EC0-301F-11D3-BF4B-00C04F79EFBC}") = "UnityEngine.UI", "UnityEngine.UI.Player.csproj", "{CB641201-CD3E-5FE1-195A-FB7EF1D720A2}"
EndProject
Project("{FAE04EC0-301F-11D3-BF4B-00C04F79EFBC}") = "Unity.Collections", "Unity.Collections.Player.csproj", "{F005EF35-3D59-6D83-72C8-AAC14F6892F5}"
EndProject
Project("{FAE04EC0-301F-11D3-BF4B-00C04F79EFBC}") = "Unity.2D.SpriteShape.Runtime", "Unity.2D.SpriteShape.Runtime.Player.csproj", "{70BD2060-D68C-7D6B-6E05-8FBEAC8EBE40}"
EndProject
Project("{FAE04EC0-301F-11D3-BF4B-00C04F79EFBC}") = "Unity.2D.Animation.Runtime", "Unity.2D.Animation.Runtime.Player.csproj", "{89583CB4-A5ED-8EA2-DB8D-BFB836F31262}"
EndProject
Project("{FAE04EC0-301F-11D3-BF4B-00C04F79EFBC}") = "Unity.2D.Tilemap.Extras", "Unity.2D.Tilemap.Extras.Player.csproj", "{CA4EA93E-01F1-950D-6A42-679BF6187870}"
EndProject
Project("{FAE04EC0-301F-11D3-BF4B-00C04F79EFBC}") = "Unity.VisualScripting.State", "Unity.VisualScripting.State.Player.csproj", "{7B25CEC2-0D9D-EDD3-86F4-72E8CDC823B3}"
EndProject
Project("{FAE04EC0-301F-11D3-BF4B-00C04F79EFBC}") = "Unity.TextMeshPro", "Unity.TextMeshPro.Player.csproj", "{2A5AB92D-57CB-6B1D-91FE-B12BD2FAB2CB}"
EndProject
Project("{FAE04EC0-301F-11D3-BF4B-00C04F79EFBC}") = "Unity.InternalAPIEngineBridge.001", "Unity.InternalAPIEngineBridge.001.Player.csproj", "{AD4F9571-7EE4-72FE-740A-E74C361C395A}"
EndProject
Project("{FAE04EC0-301F-11D3-BF4B-00C04F79EFBC}") = "Unity.2D.PixelPerfect", "Unity.2D.PixelPerfect.Player.csproj", "{D8B95898-E5E2-6F72-2194-45F17FFB7AF5}"
EndProject
Project("{FAE04EC0-301F-11D3-BF4B-00C04F79EFBC}") = "Unity.2D.Common.Runtime", "Unity.2D.Common.Runtime.Player.csproj", "{8FA52339-D914-A161-5DB1-DA534706DD30}"
EndProject
Project("{FAE04EC0-301F-11D3-BF4B-00C04F79EFBC}") = "Assembly-CSharp", "Assembly-CSharp.Player.csproj", "{C5D2735F-3FC5-4F17-D17A-1AF62B587505}"
EndProject
Global
	GlobalSection(SolutionConfigurationPlatforms) = preSolution
		Debug|Any CPU = Debug|Any CPU
		Release|Any CPU = Release|Any CPU
	EndGlobalSection
	GlobalSection(ProjectConfigurationPlatforms) = postSolution
		{0099867E-5078-5525-5F70-9BEAFD462389}.Debug|Any CPU.ActiveCfg = Debug|Any CPU
		{0099867E-5078-5525-5F70-9BEAFD462389}.Debug|Any CPU.Build.0 = Debug|Any CPU
		{0099867E-5078-5525-5F70-9BEAFD462389}.Release|Any CPU.ActiveCfg = Release|Any CPU
		{0099867E-5078-5525-5F70-9BEAFD462389}.Release|Any CPU.Build.0 = Release|Any CPU
		{DE8AD7E3-59C7-A804-E91E-EEF1CC9DD8A0}.Debug|Any CPU.ActiveCfg = Debug|Any CPU
		{DE8AD7E3-59C7-A804-E91E-EEF1CC9DD8A0}.Debug|Any CPU.Build.0 = Debug|Any CPU
		{DE8AD7E3-59C7-A804-E91E-EEF1CC9DD8A0}.Release|Any CPU.ActiveCfg = Release|Any CPU
		{DE8AD7E3-59C7-A804-E91E-EEF1CC9DD8A0}.Release|Any CPU.Build.0 = Release|Any CPU
		{7BF20289-C3CE-F320-711F-EE8AF0979661}.Debug|Any CPU.ActiveCfg = Debug|Any CPU
		{7BF20289-C3CE-F320-711F-EE8AF0979661}.Debug|Any CPU.Build.0 = Debug|Any CPU
		{7BF20289-C3CE-F320-711F-EE8AF0979661}.Release|Any CPU.ActiveCfg = Release|Any CPU
		{7BF20289-C3CE-F320-711F-EE8AF0979661}.Release|Any CPU.Build.0 = Release|Any CPU
		{5F2B4427-DD29-4C81-909E-830EF6CA207D}.Debug|Any CPU.ActiveCfg = Debug|Any CPU
		{5F2B4427-DD29-4C81-909E-830EF6CA207D}.Debug|Any CPU.Build.0 = Debug|Any CPU
		{5F2B4427-DD29-4C81-909E-830EF6CA207D}.Release|Any CPU.ActiveCfg = Release|Any CPU
		{5F2B4427-DD29-4C81-909E-830EF6CA207D}.Release|Any CPU.Build.0 = Release|Any CPU
		{3C3337AC-59FB-A21E-BFE3-A329506645A3}.Debug|Any CPU.ActiveCfg = Debug|Any CPU
		{3C3337AC-59FB-A21E-BFE3-A329506645A3}.Debug|Any CPU.Build.0 = Debug|Any CPU
		{3C3337AC-59FB-A21E-BFE3-A329506645A3}.Release|Any CPU.ActiveCfg = Release|Any CPU
		{3C3337AC-59FB-A21E-BFE3-A329506645A3}.Release|Any CPU.Build.0 = Release|Any CPU
		{363950A5-A757-1FD6-DEEC-171A38BCB93B}.Debug|Any CPU.ActiveCfg = Debug|Any CPU
		{363950A5-A757-1FD6-DEEC-171A38BCB93B}.Debug|Any CPU.Build.0 = Debug|Any CPU
		{363950A5-A757-1FD6-DEEC-171A38BCB93B}.Release|Any CPU.ActiveCfg = Release|Any CPU
		{363950A5-A757-1FD6-DEEC-171A38BCB93B}.Release|Any CPU.Build.0 = Release|Any CPU
		{D99866A8-77A2-4BE0-86DD-7393185CAAD5}.Debug|Any CPU.ActiveCfg = Debug|Any CPU
		{D99866A8-77A2-4BE0-86DD-7393185CAAD5}.Debug|Any CPU.Build.0 = Debug|Any CPU
		{D99866A8-77A2-4BE0-86DD-7393185CAAD5}.Release|Any CPU.ActiveCfg = Release|Any CPU
		{D99866A8-77A2-4BE0-86DD-7393185CAAD5}.Release|Any CPU.Build.0 = Release|Any CPU
		{92EAB038-9EB3-3B94-D764-283AA3EC68A4}.Debug|Any CPU.ActiveCfg = Debug|Any CPU
		{92EAB038-9EB3-3B94-D764-283AA3EC68A4}.Debug|Any CPU.Build.0 = Debug|Any CPU
		{92EAB038-9EB3-3B94-D764-283AA3EC68A4}.Release|Any CPU.ActiveCfg = Release|Any CPU
		{92EAB038-9EB3-3B94-D764-283AA3EC68A4}.Release|Any CPU.Build.0 = Release|Any CPU
		{10E18963-9214-D962-23A5-3487F6C7E3E5}.Debug|Any CPU.ActiveCfg = Debug|Any CPU
		{10E18963-9214-D962-23A5-3487F6C7E3E5}.Debug|Any CPU.Build.0 = Debug|Any CPU
		{10E18963-9214-D962-23A5-3487F6C7E3E5}.Release|Any CPU.ActiveCfg = Release|Any CPU
		{10E18963-9214-D962-23A5-3487F6C7E3E5}.Release|Any CPU.Build.0 = Release|Any CPU
		{BE3E4615-E4E0-3AD1-72A3-89472F75D5DC}.Debug|Any CPU.ActiveCfg = Debug|Any CPU
		{BE3E4615-E4E0-3AD1-72A3-89472F75D5DC}.Debug|Any CPU.Build.0 = Debug|Any CPU
		{BE3E4615-E4E0-3AD1-72A3-89472F75D5DC}.Release|Any CPU.ActiveCfg = Release|Any CPU
		{BE3E4615-E4E0-3AD1-72A3-89472F75D5DC}.Release|Any CPU.Build.0 = Release|Any CPU
		{74A8B68B-5989-170E-6272-8D095C29AB21}.Debug|Any CPU.ActiveCfg = Debug|Any CPU
		{74A8B68B-5989-170E-6272-8D095C29AB21}.Debug|Any CPU.Build.0 = Debug|Any CPU
		{74A8B68B-5989-170E-6272-8D095C29AB21}.Release|Any CPU.ActiveCfg = Release|Any CPU
		{74A8B68B-5989-170E-6272-8D095C29AB21}.Release|Any CPU.Build.0 = Release|Any CPU
		{F792D2FD-174F-A040-22A2-CCD5294D4548}.Debug|Any CPU.ActiveCfg = Debug|Any CPU
		{F792D2FD-174F-A040-22A2-CCD5294D4548}.Debug|Any CPU.Build.0 = Debug|Any CPU
		{F792D2FD-174F-A040-22A2-CCD5294D4548}.Release|Any CPU.ActiveCfg = Release|Any CPU
		{F792D2FD-174F-A040-22A2-CCD5294D4548}.Release|Any CPU.Build.0 = Release|Any CPU
		{C149C18C-48F9-18A4-117F-86EBC715AEAE}.Debug|Any CPU.ActiveCfg = Debug|Any CPU
		{C149C18C-48F9-18A4-117F-86EBC715AEAE}.Debug|Any CPU.Build.0 = Debug|Any CPU
		{C149C18C-48F9-18A4-117F-86EBC715AEAE}.Release|Any CPU.ActiveCfg = Release|Any CPU
		{C149C18C-48F9-18A4-117F-86EBC715AEAE}.Release|Any CPU.Build.0 = Release|Any CPU
		{BA3A9C42-AB03-1B13-E769-D9CA09B269DA}.Debug|Any CPU.ActiveCfg = Debug|Any CPU
		{BA3A9C42-AB03-1B13-E769-D9CA09B269DA}.Debug|Any CPU.Build.0 = Debug|Any CPU
		{BA3A9C42-AB03-1B13-E769-D9CA09B269DA}.Release|Any CPU.ActiveCfg = Release|Any CPU
		{BA3A9C42-AB03-1B13-E769-D9CA09B269DA}.Release|Any CPU.Build.0 = Release|Any CPU
		{385B42BA-31D7-0363-752A-8A1B54C46E3D}.Debug|Any CPU.ActiveCfg = Debug|Any CPU
		{385B42BA-31D7-0363-752A-8A1B54C46E3D}.Debug|Any CPU.Build.0 = Debug|Any CPU
		{385B42BA-31D7-0363-752A-8A1B54C46E3D}.Release|Any CPU.ActiveCfg = Release|Any CPU
		{385B42BA-31D7-0363-752A-8A1B54C46E3D}.Release|Any CPU.Build.0 = Release|Any CPU
		{B908B5A4-5FC2-841A-DD09-ED92F93CB789}.Debug|Any CPU.ActiveCfg = Debug|Any CPU
		{B908B5A4-5FC2-841A-DD09-ED92F93CB789}.Debug|Any CPU.Build.0 = Debug|Any CPU
		{B908B5A4-5FC2-841A-DD09-ED92F93CB789}.Release|Any CPU.ActiveCfg = Release|Any CPU
		{B908B5A4-5FC2-841A-DD09-ED92F93CB789}.Release|Any CPU.Build.0 = Release|Any CPU
		{D94703D4-ABCA-D2BE-19A1-9C138662376D}.Debug|Any CPU.ActiveCfg = Debug|Any CPU
		{D94703D4-ABCA-D2BE-19A1-9C138662376D}.Debug|Any CPU.Build.0 = Debug|Any CPU
		{D94703D4-ABCA-D2BE-19A1-9C138662376D}.Release|Any CPU.ActiveCfg = Release|Any CPU
		{D94703D4-ABCA-D2BE-19A1-9C138662376D}.Release|Any CPU.Build.0 = Release|Any CPU
		{75D44FC5-8755-59CB-4C0F-E9D68E951A15}.Debug|Any CPU.ActiveCfg = Debug|Any CPU
		{75D44FC5-8755-59CB-4C0F-E9D68E951A15}.Debug|Any CPU.Build.0 = Debug|Any CPU
		{75D44FC5-8755-59CB-4C0F-E9D68E951A15}.Release|Any CPU.ActiveCfg = Release|Any CPU
		{75D44FC5-8755-59CB-4C0F-E9D68E951A15}.Release|Any CPU.Build.0 = Release|Any CPU
		{EF2C427C-9CB1-C0CD-A36C-AE886FCA5A73}.Debug|Any CPU.ActiveCfg = Debug|Any CPU
		{EF2C427C-9CB1-C0CD-A36C-AE886FCA5A73}.Debug|Any CPU.Build.0 = Debug|Any CPU
		{EF2C427C-9CB1-C0CD-A36C-AE886FCA5A73}.Release|Any CPU.ActiveCfg = Release|Any CPU
		{EF2C427C-9CB1-C0CD-A36C-AE886FCA5A73}.Release|Any CPU.Build.0 = Release|Any CPU
		{A13ADA6C-8ABC-398B-9175-EE0F9D764716}.Debug|Any CPU.ActiveCfg = Debug|Any CPU
		{A13ADA6C-8ABC-398B-9175-EE0F9D764716}.Debug|Any CPU.Build.0 = Debug|Any CPU
		{A13ADA6C-8ABC-398B-9175-EE0F9D764716}.Release|Any CPU.ActiveCfg = Release|Any CPU
		{A13ADA6C-8ABC-398B-9175-EE0F9D764716}.Release|Any CPU.Build.0 = Release|Any CPU
		{2E6B7B20-8E23-D1C8-DAED-CDF8460490C8}.Debug|Any CPU.ActiveCfg = Debug|Any CPU
		{2E6B7B20-8E23-D1C8-DAED-CDF8460490C8}.Debug|Any CPU.Build.0 = Debug|Any CPU
		{2E6B7B20-8E23-D1C8-DAED-CDF8460490C8}.Release|Any CPU.ActiveCfg = Release|Any CPU
		{2E6B7B20-8E23-D1C8-DAED-CDF8460490C8}.Release|Any CPU.Build.0 = Release|Any CPU
		{915127AA-2FEF-5FBE-C218-37D1298D1C82}.Debug|Any CPU.ActiveCfg = Debug|Any CPU
		{915127AA-2FEF-5FBE-C218-37D1298D1C82}.Debug|Any CPU.Build.0 = Debug|Any CPU
		{915127AA-2FEF-5FBE-C218-37D1298D1C82}.Release|Any CPU.ActiveCfg = Release|Any CPU
		{915127AA-2FEF-5FBE-C218-37D1298D1C82}.Release|Any CPU.Build.0 = Release|Any CPU
		{BB31E283-9528-95B0-71FA-AD7CA99359D8}.Debug|Any CPU.ActiveCfg = Debug|Any CPU
		{BB31E283-9528-95B0-71FA-AD7CA99359D8}.Debug|Any CPU.Build.0 = Debug|Any CPU
		{BB31E283-9528-95B0-71FA-AD7CA99359D8}.Release|Any CPU.ActiveCfg = Release|Any CPU
		{BB31E283-9528-95B0-71FA-AD7CA99359D8}.Release|Any CPU.Build.0 = Release|Any CPU
		{4E4958B9-87EB-4543-3D2C-E1169EC4B448}.Debug|Any CPU.ActiveCfg = Debug|Any CPU
		{4E4958B9-87EB-4543-3D2C-E1169EC4B448}.Debug|Any CPU.Build.0 = Debug|Any CPU
		{4E4958B9-87EB-4543-3D2C-E1169EC4B448}.Release|Any CPU.ActiveCfg = Release|Any CPU
		{4E4958B9-87EB-4543-3D2C-E1169EC4B448}.Release|Any CPU.Build.0 = Release|Any CPU
		{E86560BB-1225-B4A2-D01D-4B713DCD108B}.Debug|Any CPU.ActiveCfg = Debug|Any CPU
		{E86560BB-1225-B4A2-D01D-4B713DCD108B}.Debug|Any CPU.Build.0 = Debug|Any CPU
		{E86560BB-1225-B4A2-D01D-4B713DCD108B}.Release|Any CPU.ActiveCfg = Release|Any CPU
		{E86560BB-1225-B4A2-D01D-4B713DCD108B}.Release|Any CPU.Build.0 = Release|Any CPU
		{89200446-2938-64CC-E570-D3FB9D528E73}.Debug|Any CPU.ActiveCfg = Debug|Any CPU
		{89200446-2938-64CC-E570-D3FB9D528E73}.Debug|Any CPU.Build.0 = Debug|Any CPU
		{89200446-2938-64CC-E570-D3FB9D528E73}.Release|Any CPU.ActiveCfg = Release|Any CPU
		{89200446-2938-64CC-E570-D3FB9D528E73}.Release|Any CPU.Build.0 = Release|Any CPU
		{E65CB3BC-EE85-B111-4A62-094FA353E958}.Debug|Any CPU.ActiveCfg = Debug|Any CPU
		{E65CB3BC-EE85-B111-4A62-094FA353E958}.Debug|Any CPU.Build.0 = Debug|Any CPU
		{E65CB3BC-EE85-B111-4A62-094FA353E958}.Release|Any CPU.ActiveCfg = Release|Any CPU
		{E65CB3BC-EE85-B111-4A62-094FA353E958}.Release|Any CPU.Build.0 = Release|Any CPU
		{7253D200-E98E-D02A-A4A7-7B70CDBE399C}.Debug|Any CPU.ActiveCfg = Debug|Any CPU
		{7253D200-E98E-D02A-A4A7-7B70CDBE399C}.Debug|Any CPU.Build.0 = Debug|Any CPU
		{7253D200-E98E-D02A-A4A7-7B70CDBE399C}.Release|Any CPU.ActiveCfg = Release|Any CPU
		{7253D200-E98E-D02A-A4A7-7B70CDBE399C}.Release|Any CPU.Build.0 = Release|Any CPU
		{94992329-9E7B-D3DD-EDE4-B7BE62D7C295}.Debug|Any CPU.ActiveCfg = Debug|Any CPU
		{94992329-9E7B-D3DD-EDE4-B7BE62D7C295}.Debug|Any CPU.Build.0 = Debug|Any CPU
		{94992329-9E7B-D3DD-EDE4-B7BE62D7C295}.Release|Any CPU.ActiveCfg = Release|Any CPU
		{94992329-9E7B-D3DD-EDE4-B7BE62D7C295}.Release|Any CPU.Build.0 = Release|Any CPU
		{A52174A7-709A-CB81-0BC5-02FAAF07A1D8}.Debug|Any CPU.ActiveCfg = Debug|Any CPU
		{A52174A7-709A-CB81-0BC5-02FAAF07A1D8}.Debug|Any CPU.Build.0 = Debug|Any CPU
		{A52174A7-709A-CB81-0BC5-02FAAF07A1D8}.Release|Any CPU.ActiveCfg = Release|Any CPU
		{A52174A7-709A-CB81-0BC5-02FAAF07A1D8}.Release|Any CPU.Build.0 = Release|Any CPU
		{0907F82B-4E88-1775-A4B6-252E745D6AF0}.Debug|Any CPU.ActiveCfg = Debug|Any CPU
		{0907F82B-4E88-1775-A4B6-252E745D6AF0}.Debug|Any CPU.Build.0 = Debug|Any CPU
		{0907F82B-4E88-1775-A4B6-252E745D6AF0}.Release|Any CPU.ActiveCfg = Release|Any CPU
		{0907F82B-4E88-1775-A4B6-252E745D6AF0}.Release|Any CPU.Build.0 = Release|Any CPU
		{1EECBF7D-FB82-DC0C-358E-7B4BECD92F5D}.Debug|Any CPU.ActiveCfg = Debug|Any CPU
		{1EECBF7D-FB82-DC0C-358E-7B4BECD92F5D}.Debug|Any CPU.Build.0 = Debug|Any CPU
		{1EECBF7D-FB82-DC0C-358E-7B4BECD92F5D}.Release|Any CPU.ActiveCfg = Release|Any CPU
		{1EECBF7D-FB82-DC0C-358E-7B4BECD92F5D}.Release|Any CPU.Build.0 = Release|Any CPU
		{B8BF3A99-19B3-6E6F-F922-71F82CABB8F6}.Debug|Any CPU.ActiveCfg = Debug|Any CPU
		{B8BF3A99-19B3-6E6F-F922-71F82CABB8F6}.Debug|Any CPU.Build.0 = Debug|Any CPU
		{B8BF3A99-19B3-6E6F-F922-71F82CABB8F6}.Release|Any CPU.ActiveCfg = Release|Any CPU
		{B8BF3A99-19B3-6E6F-F922-71F82CABB8F6}.Release|Any CPU.Build.0 = Release|Any CPU
		{C3F24AFD-1F98-CC51-A449-6E072C3589D1}.Debug|Any CPU.ActiveCfg = Debug|Any CPU
		{C3F24AFD-1F98-CC51-A449-6E072C3589D1}.Debug|Any CPU.Build.0 = Debug|Any CPU
		{C3F24AFD-1F98-CC51-A449-6E072C3589D1}.Release|Any CPU.ActiveCfg = Release|Any CPU
		{C3F24AFD-1F98-CC51-A449-6E072C3589D1}.Release|Any CPU.Build.0 = Release|Any CPU
		{1EEDFCC1-21F0-4208-511A-2FD424AC3143}.Debug|Any CPU.ActiveCfg = Debug|Any CPU
		{1EEDFCC1-21F0-4208-511A-2FD424AC3143}.Debug|Any CPU.Build.0 = Debug|Any CPU
		{1EEDFCC1-21F0-4208-511A-2FD424AC3143}.Release|Any CPU.ActiveCfg = Release|Any CPU
		{1EEDFCC1-21F0-4208-511A-2FD424AC3143}.Release|Any CPU.Build.0 = Release|Any CPU
		{E0031AA3-0A7C-3239-42C9-EC0F156CCBFC}.Debug|Any CPU.ActiveCfg = Debug|Any CPU
		{E0031AA3-0A7C-3239-42C9-EC0F156CCBFC}.Debug|Any CPU.Build.0 = Debug|Any CPU
		{E0031AA3-0A7C-3239-42C9-EC0F156CCBFC}.Release|Any CPU.ActiveCfg = Release|Any CPU
		{E0031AA3-0A7C-3239-42C9-EC0F156CCBFC}.Release|Any CPU.Build.0 = Release|Any CPU
		{60AA91DC-FBFD-FDAA-2CF4-36EC1E72477F}.Debug|Any CPU.ActiveCfg = Debug|Any CPU
		{60AA91DC-FBFD-FDAA-2CF4-36EC1E72477F}.Debug|Any CPU.Build.0 = Debug|Any CPU
		{60AA91DC-FBFD-FDAA-2CF4-36EC1E72477F}.Release|Any CPU.ActiveCfg = Release|Any CPU
		{60AA91DC-FBFD-FDAA-2CF4-36EC1E72477F}.Release|Any CPU.Build.0 = Release|Any CPU
		{97C266ED-6A45-F86F-A0C2-F29170D7FBD2}.Debug|Any CPU.ActiveCfg = Debug|Any CPU
		{97C266ED-6A45-F86F-A0C2-F29170D7FBD2}.Debug|Any CPU.Build.0 = Debug|Any CPU
		{97C266ED-6A45-F86F-A0C2-F29170D7FBD2}.Release|Any CPU.ActiveCfg = Release|Any CPU
		{97C266ED-6A45-F86F-A0C2-F29170D7FBD2}.Release|Any CPU.Build.0 = Release|Any CPU
		{A768FCD1-7214-22E4-C52D-D3914CA94BDD}.Debug|Any CPU.ActiveCfg = Debug|Any CPU
		{A768FCD1-7214-22E4-C52D-D3914CA94BDD}.Debug|Any CPU.Build.0 = Debug|Any CPU
		{A768FCD1-7214-22E4-C52D-D3914CA94BDD}.Release|Any CPU.ActiveCfg = Release|Any CPU
		{A768FCD1-7214-22E4-C52D-D3914CA94BDD}.Release|Any CPU.Build.0 = Release|Any CPU
		{258E7DA3-7A77-50BE-8528-586FC84D3A7C}.Debug|Any CPU.ActiveCfg = Debug|Any CPU
		{258E7DA3-7A77-50BE-8528-586FC84D3A7C}.Debug|Any CPU.Build.0 = Debug|Any CPU
		{258E7DA3-7A77-50BE-8528-586FC84D3A7C}.Release|Any CPU.ActiveCfg = Release|Any CPU
		{258E7DA3-7A77-50BE-8528-586FC84D3A7C}.Release|Any CPU.Build.0 = Release|Any CPU
		{C7A44672-9AEB-B6FD-A428-DF9A2DF43D87}.Debug|Any CPU.ActiveCfg = Debug|Any CPU
		{C7A44672-9AEB-B6FD-A428-DF9A2DF43D87}.Debug|Any CPU.Build.0 = Debug|Any CPU
		{C7A44672-9AEB-B6FD-A428-DF9A2DF43D87}.Release|Any CPU.ActiveCfg = Release|Any CPU
		{C7A44672-9AEB-B6FD-A428-DF9A2DF43D87}.Release|Any CPU.Build.0 = Release|Any CPU
		{FF804F87-3779-09DD-0430-44F36FD3BDBA}.Debug|Any CPU.ActiveCfg = Debug|Any CPU
		{FF804F87-3779-09DD-0430-44F36FD3BDBA}.Debug|Any CPU.Build.0 = Debug|Any CPU
		{FF804F87-3779-09DD-0430-44F36FD3BDBA}.Release|Any CPU.ActiveCfg = Release|Any CPU
		{FF804F87-3779-09DD-0430-44F36FD3BDBA}.Release|Any CPU.Build.0 = Release|Any CPU
		{BE23FC21-1C11-3961-8E85-A68936580BEC}.Debug|Any CPU.ActiveCfg = Debug|Any CPU
		{BE23FC21-1C11-3961-8E85-A68936580BEC}.Debug|Any CPU.Build.0 = Debug|Any CPU
		{BE23FC21-1C11-3961-8E85-A68936580BEC}.Release|Any CPU.ActiveCfg = Release|Any CPU
		{BE23FC21-1C11-3961-8E85-A68936580BEC}.Release|Any CPU.Build.0 = Release|Any CPU
		{BFF0F2DA-D4CD-0732-BC70-87CAC1CF6F9C}.Debug|Any CPU.ActiveCfg = Debug|Any CPU
		{BFF0F2DA-D4CD-0732-BC70-87CAC1CF6F9C}.Debug|Any CPU.Build.0 = Debug|Any CPU
		{BFF0F2DA-D4CD-0732-BC70-87CAC1CF6F9C}.Release|Any CPU.ActiveCfg = Release|Any CPU
		{BFF0F2DA-D4CD-0732-BC70-87CAC1CF6F9C}.Release|Any CPU.Build.0 = Release|Any CPU
		{6E22114A-4951-47DC-4CF8-E546504D1777}.Debug|Any CPU.ActiveCfg = Debug|Any CPU
		{6E22114A-4951-47DC-4CF8-E546504D1777}.Debug|Any CPU.Build.0 = Debug|Any CPU
		{6E22114A-4951-47DC-4CF8-E546504D1777}.Release|Any CPU.ActiveCfg = Release|Any CPU
		{6E22114A-4951-47DC-4CF8-E546504D1777}.Release|Any CPU.Build.0 = Release|Any CPU
		{04405710-5B08-D210-851B-24CECC26D1BA}.Debug|Any CPU.ActiveCfg = Debug|Any CPU
		{04405710-5B08-D210-851B-24CECC26D1BA}.Debug|Any CPU.Build.0 = Debug|Any CPU
		{04405710-5B08-D210-851B-24CECC26D1BA}.Release|Any CPU.ActiveCfg = Release|Any CPU
		{04405710-5B08-D210-851B-24CECC26D1BA}.Release|Any CPU.Build.0 = Release|Any CPU
		{38815F95-41E6-1C5A-7C9A-EE8B444E9078}.Debug|Any CPU.ActiveCfg = Debug|Any CPU
		{38815F95-41E6-1C5A-7C9A-EE8B444E9078}.Debug|Any CPU.Build.0 = Debug|Any CPU
		{38815F95-41E6-1C5A-7C9A-EE8B444E9078}.Release|Any CPU.ActiveCfg = Release|Any CPU
		{38815F95-41E6-1C5A-7C9A-EE8B444E9078}.Release|Any CPU.Build.0 = Release|Any CPU
		{25539842-380A-2C54-A619-E5190A6F16A8}.Debug|Any CPU.ActiveCfg = Debug|Any CPU
		{25539842-380A-2C54-A619-E5190A6F16A8}.Debug|Any CPU.Build.0 = Debug|Any CPU
		{25539842-380A-2C54-A619-E5190A6F16A8}.Release|Any CPU.ActiveCfg = Release|Any CPU
		{25539842-380A-2C54-A619-E5190A6F16A8}.Release|Any CPU.Build.0 = Release|Any CPU
		{40C98C11-2B72-0F84-C979-28E0C8BE92C9}.Debug|Any CPU.ActiveCfg = Debug|Any CPU
		{40C98C11-2B72-0F84-C979-28E0C8BE92C9}.Debug|Any CPU.Build.0 = Debug|Any CPU
		{40C98C11-2B72-0F84-C979-28E0C8BE92C9}.Release|Any CPU.ActiveCfg = Release|Any CPU
		{40C98C11-2B72-0F84-C979-28E0C8BE92C9}.Release|Any CPU.Build.0 = Release|Any CPU
		{7FA02217-0F6F-CFB9-C91B-14F5CF8BCDD1}.Debug|Any CPU.ActiveCfg = Debug|Any CPU
		{7FA02217-0F6F-CFB9-C91B-14F5CF8BCDD1}.Debug|Any CPU.Build.0 = Debug|Any CPU
		{7FA02217-0F6F-CFB9-C91B-14F5CF8BCDD1}.Release|Any CPU.ActiveCfg = Release|Any CPU
		{7FA02217-0F6F-CFB9-C91B-14F5CF8BCDD1}.Release|Any CPU.Build.0 = Release|Any CPU
		{93D3FBCC-A768-0E83-905A-EB7C9DB0CC7D}.Debug|Any CPU.ActiveCfg = Debug|Any CPU
		{93D3FBCC-A768-0E83-905A-EB7C9DB0CC7D}.Debug|Any CPU.Build.0 = Debug|Any CPU
		{93D3FBCC-A768-0E83-905A-EB7C9DB0CC7D}.Release|Any CPU.ActiveCfg = Release|Any CPU
		{93D3FBCC-A768-0E83-905A-EB7C9DB0CC7D}.Release|Any CPU.Build.0 = Release|Any CPU
		{14B084B0-6EF4-3341-77DC-1817C1565221}.Debug|Any CPU.ActiveCfg = Debug|Any CPU
		{14B084B0-6EF4-3341-77DC-1817C1565221}.Debug|Any CPU.Build.0 = Debug|Any CPU
		{14B084B0-6EF4-3341-77DC-1817C1565221}.Release|Any CPU.ActiveCfg = Release|Any CPU
		{14B084B0-6EF4-3341-77DC-1817C1565221}.Release|Any CPU.Build.0 = Release|Any CPU
		{2DE8DB88-5A55-DDD6-FBBB-2899D0EDC8DB}.Debug|Any CPU.ActiveCfg = Debug|Any CPU
		{2DE8DB88-5A55-DDD6-FBBB-2899D0EDC8DB}.Debug|Any CPU.Build.0 = Debug|Any CPU
		{2DE8DB88-5A55-DDD6-FBBB-2899D0EDC8DB}.Release|Any CPU.ActiveCfg = Release|Any CPU
		{2DE8DB88-5A55-DDD6-FBBB-2899D0EDC8DB}.Release|Any CPU.Build.0 = Release|Any CPU
		{B58BF1FF-644D-F52C-4FB1-DED8776AE58E}.Debug|Any CPU.ActiveCfg = Debug|Any CPU
		{B58BF1FF-644D-F52C-4FB1-DED8776AE58E}.Debug|Any CPU.Build.0 = Debug|Any CPU
		{B58BF1FF-644D-F52C-4FB1-DED8776AE58E}.Release|Any CPU.ActiveCfg = Release|Any CPU
		{B58BF1FF-644D-F52C-4FB1-DED8776AE58E}.Release|Any CPU.Build.0 = Release|Any CPU
		{CC18B8DB-65DE-F30D-FB82-BF64BE8C24E4}.Debug|Any CPU.ActiveCfg = Debug|Any CPU
		{CC18B8DB-65DE-F30D-FB82-BF64BE8C24E4}.Debug|Any CPU.Build.0 = Debug|Any CPU
		{CC18B8DB-65DE-F30D-FB82-BF64BE8C24E4}.Release|Any CPU.ActiveCfg = Release|Any CPU
		{CC18B8DB-65DE-F30D-FB82-BF64BE8C24E4}.Release|Any CPU.Build.0 = Release|Any CPU
		{DF7D8962-1C31-0F54-019F-3A25703BDA06}.Debug|Any CPU.ActiveCfg = Debug|Any CPU
		{DF7D8962-1C31-0F54-019F-3A25703BDA06}.Debug|Any CPU.Build.0 = Debug|Any CPU
		{DF7D8962-1C31-0F54-019F-3A25703BDA06}.Release|Any CPU.ActiveCfg = Release|Any CPU
		{DF7D8962-1C31-0F54-019F-3A25703BDA06}.Release|Any CPU.Build.0 = Release|Any CPU
		{C9C1C976-9E2F-3392-E1ED-5D4DD9AD669C}.Debug|Any CPU.ActiveCfg = Debug|Any CPU
		{C9C1C976-9E2F-3392-E1ED-5D4DD9AD669C}.Debug|Any CPU.Build.0 = Debug|Any CPU
		{C9C1C976-9E2F-3392-E1ED-5D4DD9AD669C}.Release|Any CPU.ActiveCfg = Release|Any CPU
		{C9C1C976-9E2F-3392-E1ED-5D4DD9AD669C}.Release|Any CPU.Build.0 = Release|Any CPU
		{CB641201-CD3E-5FE1-195A-FB7EF1D720A2}.Debug|Any CPU.ActiveCfg = Debug|Any CPU
		{CB641201-CD3E-5FE1-195A-FB7EF1D720A2}.Debug|Any CPU.Build.0 = Debug|Any CPU
		{CB641201-CD3E-5FE1-195A-FB7EF1D720A2}.Release|Any CPU.ActiveCfg = Release|Any CPU
		{CB641201-CD3E-5FE1-195A-FB7EF1D720A2}.Release|Any CPU.Build.0 = Release|Any CPU
		{F005EF35-3D59-6D83-72C8-AAC14F6892F5}.Debug|Any CPU.ActiveCfg = Debug|Any CPU
		{F005EF35-3D59-6D83-72C8-AAC14F6892F5}.Debug|Any CPU.Build.0 = Debug|Any CPU
		{F005EF35-3D59-6D83-72C8-AAC14F6892F5}.Release|Any CPU.ActiveCfg = Release|Any CPU
		{F005EF35-3D59-6D83-72C8-AAC14F6892F5}.Release|Any CPU.Build.0 = Release|Any CPU
		{70BD2060-D68C-7D6B-6E05-8FBEAC8EBE40}.Debug|Any CPU.ActiveCfg = Debug|Any CPU
		{70BD2060-D68C-7D6B-6E05-8FBEAC8EBE40}.Debug|Any CPU.Build.0 = Debug|Any CPU
		{70BD2060-D68C-7D6B-6E05-8FBEAC8EBE40}.Release|Any CPU.ActiveCfg = Release|Any CPU
		{70BD2060-D68C-7D6B-6E05-8FBEAC8EBE40}.Release|Any CPU.Build.0 = Release|Any CPU
		{89583CB4-A5ED-8EA2-DB8D-BFB836F31262}.Debug|Any CPU.ActiveCfg = Debug|Any CPU
		{89583CB4-A5ED-8EA2-DB8D-BFB836F31262}.Debug|Any CPU.Build.0 = Debug|Any CPU
		{89583CB4-A5ED-8EA2-DB8D-BFB836F31262}.Release|Any CPU.ActiveCfg = Release|Any CPU
		{89583CB4-A5ED-8EA2-DB8D-BFB836F31262}.Release|Any CPU.Build.0 = Release|Any CPU
		{CA4EA93E-01F1-950D-6A42-679BF6187870}.Debug|Any CPU.ActiveCfg = Debug|Any CPU
		{CA4EA93E-01F1-950D-6A42-679BF6187870}.Debug|Any CPU.Build.0 = Debug|Any CPU
		{CA4EA93E-01F1-950D-6A42-679BF6187870}.Release|Any CPU.ActiveCfg = Release|Any CPU
		{CA4EA93E-01F1-950D-6A42-679BF6187870}.Release|Any CPU.Build.0 = Release|Any CPU
		{7B25CEC2-0D9D-EDD3-86F4-72E8CDC823B3}.Debug|Any CPU.ActiveCfg = Debug|Any CPU
		{7B25CEC2-0D9D-EDD3-86F4-72E8CDC823B3}.Debug|Any CPU.Build.0 = Debug|Any CPU
		{7B25CEC2-0D9D-EDD3-86F4-72E8CDC823B3}.Release|Any CPU.ActiveCfg = Release|Any CPU
		{7B25CEC2-0D9D-EDD3-86F4-72E8CDC823B3}.Release|Any CPU.Build.0 = Release|Any CPU
		{2A5AB92D-57CB-6B1D-91FE-B12BD2FAB2CB}.Debug|Any CPU.ActiveCfg = Debug|Any CPU
		{2A5AB92D-57CB-6B1D-91FE-B12BD2FAB2CB}.Debug|Any CPU.Build.0 = Debug|Any CPU
		{2A5AB92D-57CB-6B1D-91FE-B12BD2FAB2CB}.Release|Any CPU.ActiveCfg = Release|Any CPU
		{2A5AB92D-57CB-6B1D-91FE-B12BD2FAB2CB}.Release|Any CPU.Build.0 = Release|Any CPU
		{AD4F9571-7EE4-72FE-740A-E74C361C395A}.Debug|Any CPU.ActiveCfg = Debug|Any CPU
		{AD4F9571-7EE4-72FE-740A-E74C361C395A}.Debug|Any CPU.Build.0 = Debug|Any CPU
		{AD4F9571-7EE4-72FE-740A-E74C361C395A}.Release|Any CPU.ActiveCfg = Release|Any CPU
		{AD4F9571-7EE4-72FE-740A-E74C361C395A}.Release|Any CPU.Build.0 = Release|Any CPU
		{D8B95898-E5E2-6F72-2194-45F17FFB7AF5}.Debug|Any CPU.ActiveCfg = Debug|Any CPU
		{D8B95898-E5E2-6F72-2194-45F17FFB7AF5}.Debug|Any CPU.Build.0 = Debug|Any CPU
		{D8B95898-E5E2-6F72-2194-45F17FFB7AF5}.Release|Any CPU.ActiveCfg = Release|Any CPU
		{D8B95898-E5E2-6F72-2194-45F17FFB7AF5}.Release|Any CPU.Build.0 = Release|Any CPU
		{8FA52339-D914-A161-5DB1-DA534706DD30}.Debug|Any CPU.ActiveCfg = Debug|Any CPU
		{8FA52339-D914-A161-5DB1-DA534706DD30}.Debug|Any CPU.Build.0 = Debug|Any CPU
		{8FA52339-D914-A161-5DB1-DA534706DD30}.Release|Any CPU.ActiveCfg = Release|Any CPU
		{8FA52339-D914-A161-5DB1-DA534706DD30}.Release|Any CPU.Build.0 = Release|Any CPU
		{C5D2735F-3FC5-4F17-D17A-1AF62B587505}.Debug|Any CPU.ActiveCfg = Debug|Any CPU
		{C5D2735F-3FC5-4F17-D17A-1AF62B587505}.Debug|Any CPU.Build.0 = Debug|Any CPU
		{C5D2735F-3FC5-4F17-D17A-1AF62B587505}.Release|Any CPU.ActiveCfg = Release|Any CPU
		{C5D2735F-3FC5-4F17-D17A-1AF62B587505}.Release|Any CPU.Build.0 = Release|Any CPU
	EndGlobalSection
	GlobalSection(SolutionProperties) = preSolution
		HideSolutionNode = FALSE
	EndGlobalSection
EndGlobal
